Microsoft Visual Studio Solution File, Format Version 12.00
# Visual Studio Version 17
VisualStudioVersion = 17.0.31611.283
MinimumVisualStudioVersion = 10.0.40219.1
Project("{FAE04EC0-301F-11D3-BF4B-00C04F79EFBC}") = "OnlineShopModular.Server.AppHost", "src\Server\OnlineShopModular.Server.AppHost\OnlineShopModular.Server.AppHost.csproj", "{C1CACA9D-8E95-5A02-3E37-37CE607581A3}"
EndProject
Project("{9A19103F-16F7-4668-BE54-9A1E7A4F7556}") = "OnlineShopModular.Server.Web", "src\Server\OnlineShopModular.Server.Web\OnlineShopModular.Server.Web.csproj", "{8CC3E410-B716-4F4D-89C7-3392CA624439}"
EndProject
Project("{FAE04EC0-301F-11D3-BF4B-00C04F79EFBC}") = "OnlineShopModular.Server.Shared", "src\Server\OnlineShopModular.Server.Shared\OnlineShopModular.Server.Shared.csproj", "{AA97E5DE-1021-2739-ED90-9EDEEAEB5CA2}"
EndProject
Project("{2150E333-8FDC-42A3-9474-1A3956D46DE8}") = ".SolutionItems", ".SolutionItems", "{5CF43F76-BB71-4B5B-B4DF-1C753E042A8F}"
	ProjectSection(SolutionItems) = preProject
		.editorconfig = .editorconfig
		.gitignore = .gitignore
		.vsconfig = .vsconfig
		Bit.ResxTranslator.json = Bit.ResxTranslator.json
		Clean.bat = Clean.bat
		src\Directory.Build.props = src\Directory.Build.props
		src\Directory.Packages.props = src\Directory.Packages.props
		README.md = README.md
		settings.VisualStudio.json = settings.VisualStudio.json
		test.json = test.json
	EndProjectSection
EndProject
Project("{2150E333-8FDC-42A3-9474-1A3956D46DE8}") = "Client", "Client", "{248D8229-BABD-4F0A-A9C6-0417B464507B}"
EndProject
Project("{9A19103F-16F7-4668-BE54-9A1E7A4F7556}") = "OnlineShopModular.Shared", "src\Shared\OnlineShopModular.Shared.csproj", "{26430D8C-32CB-4142-AC1A-33486A58DA01}"
EndProject
Project("{9A19103F-16F7-4668-BE54-9A1E7A4F7556}") = "OnlineShopModular.Client.Core", "src\Client\OnlineShopModular.Client.Core\OnlineShopModular.Client.Core.csproj", "{FC60C68D-8E8D-494B-8D60-0C8D83A472E7}"
EndProject
Project("{9A19103F-16F7-4668-BE54-9A1E7A4F7556}") = "OnlineShopModular.Client.Web", "src\Client\OnlineShopModular.Client.Web\OnlineShopModular.Client.Web.csproj", "{13D6A40B-8B8B-41F0-AB62-3F5F1CB58A1B}"
EndProject
Project("{9A19103F-16F7-4668-BE54-9A1E7A4F7556}") = "OnlineShopModular.Client.Maui", "src\Client\OnlineShopModular.Client.Maui\OnlineShopModular.Client.Maui.csproj", "{22816913-64D5-4AE8-9B34-6F188B71FAD1}"
EndProject
Project("{2150E333-8FDC-42A3-9474-1A3956D46DE8}") = ".github", ".github", "{3E577755-186F-4E63-8153-B8DE890015C9}"
	ProjectSection(SolutionItems) = preProject
		.github\copilot-instructions.md = .github\copilot-instructions.md
	EndProjectSection
EndProject
Project("{2150E333-8FDC-42A3-9474-1A3956D46DE8}") = "workflows", "workflows", "{2347E3B2-FDDE-427E-A0AE-E4DCD47C2989}"
	ProjectSection(SolutionItems) = preProject
		.github\workflows\cd.yml = .github\workflows\cd.yml
		.github\workflows\ci.yml = .github\workflows\ci.yml
	EndProjectSection
EndProject
Project("{9A19103F-16F7-4668-BE54-9A1E7A4F7556}") = "OnlineShopModular.Client.Windows", "src\Client\OnlineShopModular.Client.Windows\OnlineShopModular.Client.Windows.csproj", "{E3CB3C34-F5DE-4A96-B552-7D52BCAD1E1F}"
EndProject
Project("{9A19103F-16F7-4668-BE54-9A1E7A4F7556}") = "OnlineShopModular.Server.Api", "src\Server\OnlineShopModular.Server.Api\OnlineShopModular.Server.Api.csproj", "{3D93B170-BDCD-4890-92B3-F5ABE48F3D3A}"
EndProject
Project("{2150E333-8FDC-42A3-9474-1A3956D46DE8}") = "Server", "Server", "{723683EA-193C-45FD-A64D-7830A2867E4F}"
EndProject
Project("{2150E333-8FDC-42A3-9474-1A3956D46DE8}") = "Shared", "Shared", "{EAB56593-7B10-4CC4-A3B8-E62ACDD1E6DD}"
EndProject
Project("{2150E333-8FDC-42A3-9474-1A3956D46DE8}") = "Tests", "Tests", "{B38FF18E-11BC-4AF6-8FA3-648B3952DCAF}"
EndProject
Project("{9A19103F-16F7-4668-BE54-9A1E7A4F7556}") = "OnlineShopModular.Tests", "src\Tests\OnlineShopModular.Tests.csproj", "{47F82CD8-D6DA-4F03-9DD6-F67AF3621C93}"
EndProject
Project("{2150E333-8FDC-42A3-9474-1A3956D46DE8}") = "Modules", "Modules", "{02EA681E-C7D8-13C7-8484-4AC65E1B71E8}"
EndProject
Project("{2150E333-8FDC-42A3-9474-1A3956D46DE8}") = "Library", "Library", "{049100C1-E928-4FB9-964B-B57BA6787801}"
EndProject
Project("{2150E333-8FDC-42A3-9474-1A3956D46DE8}") = "People", "People", "{2680C821-CAD8-4CE5-8D2E-8D633A28C1E1}"
EndProject
Project("{FAE04EC0-301F-11D3-BF4B-00C04F79EFBC}") = "OnlineShopModular.Server.Modules.Library.Api", "src\Server\Modules\Library\OnlineShopModular.Server.Modules.Library.Api\OnlineShopModular.Server.Modules.Library.Api.csproj", "{A1DC8865-96DE-CC0E-21E8-A786C05CFD60}"
EndProject
Project("{FAE04EC0-301F-11D3-BF4B-00C04F79EFBC}") = "OnlineShopModular.Server.Modules.Library.Application", "src\Server\Modules\Library\OnlineShopModular.Server.Modules.Library.Application\OnlineShopModular.Server.Modules.Library.Application.csproj", "{71C35BBD-7B3D-4471-9246-E3CC9D29F3E6}"
EndProject
Project("{FAE04EC0-301F-11D3-BF4B-00C04F79EFBC}") = "OnlineShopModular.Server.Modules.Library.Domain", "src\Server\Modules\Library\OnlineShopModular.Server.Modules.Library.Domain\OnlineShopModular.Server.Modules.Library.Domain.csproj", "{E5E3350A-827A-45CA-B264-2326E21219DC}"
EndProject
Project("{FAE04EC0-301F-11D3-BF4B-00C04F79EFBC}") = "OnlineShopModular.Server.Modules.Library.Infrastructure", "src\Server\Modules\Library\OnlineShopModular.Server.Modules.Library.Infrastructure\OnlineShopModular.Server.Modules.Library.Infrastructure.csproj", "{9350CA21-4F28-453F-B248-8E71D011E445}"
EndProject
Project("{FAE04EC0-301F-11D3-BF4B-00C04F79EFBC}") = "OnlineShopModular.Server.Modules.People.Application", "src\Server\Modules\People\OnlineShopModular.Server.Modules.People.Application\OnlineShopModular.Server.Modules.People.Application.csproj", "{A95AD792-9710-4B66-A5D6-D3EA3F212FAC}"
EndProject
Project("{FAE04EC0-301F-11D3-BF4B-00C04F79EFBC}") = "OnlineShopModular.Server.Modules.People.Domain", "src\Server\Modules\People\OnlineShopModular.Server.Modules.People.Domain\OnlineShopModular.Server.Modules.People.Domain.csproj", "{95E18BD8-A1E4-4B94-BF52-63CC4D0B1719}"
EndProject
Project("{FAE04EC0-301F-11D3-BF4B-00C04F79EFBC}") = "OnlineShopModular.Server.Modules.People.Api", "src\Server\Modules\People\OnlineShopModular.Server.Modules.People.Api\OnlineShopModular.Server.Modules.People.Api.csproj", "{F95986F2-AFE7-63B3-0DA3-74931D8A3B4D}"
EndProject
Project("{FAE04EC0-301F-11D3-BF4B-00C04F79EFBC}") = "OnlineShopModular.Server.Modules.People.Infrastructure", "src\Server\Modules\People\OnlineShopModular.Server.Modules.People.Infrastructure\OnlineShopModular.Server.Modules.People.Infrastructure.csproj", "{550FBF3B-D161-4848-972D-1F251862A835}"
EndProject
Global
	GlobalSection(SolutionConfigurationPlatforms) = preSolution
		Debug|Any CPU = Debug|Any CPU
		Release|Any CPU = Release|Any CPU
	EndGlobalSection
	GlobalSection(ProjectConfigurationPlatforms) = postSolution
		{C1CACA9D-8E95-5A02-3E37-37CE607581A3}.Debug|Any CPU.ActiveCfg = Debug|Any CPU
		{C1CACA9D-8E95-5A02-3E37-37CE607581A3}.Debug|Any CPU.Build.0 = Debug|Any CPU
		{C1CACA9D-8E95-5A02-3E37-37CE607581A3}.Release|Any CPU.ActiveCfg = Release|Any CPU
		{C1CACA9D-8E95-5A02-3E37-37CE607581A3}.Release|Any CPU.Build.0 = Release|Any CPU
		{8CC3E410-B716-4F4D-89C7-3392CA624439}.Debug|Any CPU.ActiveCfg = Debug|Any CPU
		{8CC3E410-B716-4F4D-89C7-3392CA624439}.Debug|Any CPU.Build.0 = Debug|Any CPU
		{8CC3E410-B716-4F4D-89C7-3392CA624439}.Release|Any CPU.ActiveCfg = Release|Any CPU
		{8CC3E410-B716-4F4D-89C7-3392CA624439}.Release|Any CPU.Build.0 = Release|Any CPU
		{AA97E5DE-1021-2739-ED90-9EDEEAEB5CA2}.Debug|Any CPU.ActiveCfg = Debug|Any CPU
		{AA97E5DE-1021-2739-ED90-9EDEEAEB5CA2}.Debug|Any CPU.Build.0 = Debug|Any CPU
		{AA97E5DE-1021-2739-ED90-9EDEEAEB5CA2}.Release|Any CPU.ActiveCfg = Release|Any CPU
		{AA97E5DE-1021-2739-ED90-9EDEEAEB5CA2}.Release|Any CPU.Build.0 = Release|Any CPU
		{26430D8C-32CB-4142-AC1A-33486A58DA01}.Debug|Any CPU.ActiveCfg = Debug|Any CPU
		{26430D8C-32CB-4142-AC1A-33486A58DA01}.Debug|Any CPU.Build.0 = Debug|Any CPU
		{26430D8C-32CB-4142-AC1A-33486A58DA01}.Release|Any CPU.ActiveCfg = Release|Any CPU
		{26430D8C-32CB-4142-AC1A-33486A58DA01}.Release|Any CPU.Build.0 = Release|Any CPU
		{FC60C68D-8E8D-494B-8D60-0C8D83A472E7}.Debug|Any CPU.ActiveCfg = Debug|Any CPU
		{FC60C68D-8E8D-494B-8D60-0C8D83A472E7}.Debug|Any CPU.Build.0 = Debug|Any CPU
		{FC60C68D-8E8D-494B-8D60-0C8D83A472E7}.Release|Any CPU.ActiveCfg = Release|Any CPU
		{FC60C68D-8E8D-494B-8D60-0C8D83A472E7}.Release|Any CPU.Build.0 = Release|Any CPU
		{13D6A40B-8B8B-41F0-AB62-3F5F1CB58A1B}.Debug|Any CPU.ActiveCfg = Debug|Any CPU
		{13D6A40B-8B8B-41F0-AB62-3F5F1CB58A1B}.Debug|Any CPU.Build.0 = Debug|Any CPU
		{13D6A40B-8B8B-41F0-AB62-3F5F1CB58A1B}.Release|Any CPU.ActiveCfg = Release|Any CPU
		{13D6A40B-8B8B-41F0-AB62-3F5F1CB58A1B}.Release|Any CPU.Build.0 = Release|Any CPU
		{22816913-64D5-4AE8-9B34-6F188B71FAD1}.Debug|Any CPU.ActiveCfg = Debug|Any CPU
		{22816913-64D5-4AE8-9B34-6F188B71FAD1}.Debug|Any CPU.Build.0 = Debug|Any CPU
		{22816913-64D5-4AE8-9B34-6F188B71FAD1}.Debug|Any CPU.Deploy.0 = Debug|Any CPU
		{22816913-64D5-4AE8-9B34-6F188B71FAD1}.Release|Any CPU.ActiveCfg = Release|Any CPU
		{22816913-64D5-4AE8-9B34-6F188B71FAD1}.Release|Any CPU.Build.0 = Release|Any CPU
		{22816913-64D5-4AE8-9B34-6F188B71FAD1}.Release|Any CPU.Deploy.0 = Release|Any CPU
		{E3CB3C34-F5DE-4A96-B552-7D52BCAD1E1F}.Debug|Any CPU.ActiveCfg = Debug|Any CPU
		{E3CB3C34-F5DE-4A96-B552-7D52BCAD1E1F}.Debug|Any CPU.Build.0 = Debug|Any CPU
		{E3CB3C34-F5DE-4A96-B552-7D52BCAD1E1F}.Release|Any CPU.ActiveCfg = Release|Any CPU
		{E3CB3C34-F5DE-4A96-B552-7D52BCAD1E1F}.Release|Any CPU.Build.0 = Release|Any CPU
		{3D93B170-BDCD-4890-92B3-F5ABE48F3D3A}.Debug|Any CPU.ActiveCfg = Debug|Any CPU
		{3D93B170-BDCD-4890-92B3-F5ABE48F3D3A}.Debug|Any CPU.Build.0 = Debug|Any CPU
		{3D93B170-BDCD-4890-92B3-F5ABE48F3D3A}.Release|Any CPU.ActiveCfg = Release|Any CPU
		{3D93B170-BDCD-4890-92B3-F5ABE48F3D3A}.Release|Any CPU.Build.0 = Release|Any CPU
		{47F82CD8-D6DA-4F03-9DD6-F67AF3621C93}.Debug|Any CPU.ActiveCfg = Debug|Any CPU
		{47F82CD8-D6DA-4F03-9DD6-F67AF3621C93}.Debug|Any CPU.Build.0 = Debug|Any CPU
		{47F82CD8-D6DA-4F03-9DD6-F67AF3621C93}.Release|Any CPU.ActiveCfg = Release|Any CPU
		{47F82CD8-D6DA-4F03-9DD6-F67AF3621C93}.Release|Any CPU.Build.0 = Release|Any CPU
		{A1DC8865-96DE-CC0E-21E8-A786C05CFD60}.Debug|Any CPU.ActiveCfg = Debug|Any CPU
		{A1DC8865-96DE-CC0E-21E8-A786C05CFD60}.Debug|Any CPU.Build.0 = Debug|Any CPU
		{A1DC8865-96DE-CC0E-21E8-A786C05CFD60}.Release|Any CPU.ActiveCfg = Release|Any CPU
		{A1DC8865-96DE-CC0E-21E8-A786C05CFD60}.Release|Any CPU.Build.0 = Release|Any CPU
		{71C35BBD-7B3D-4471-9246-E3CC9D29F3E6}.Debug|Any CPU.ActiveCfg = Debug|Any CPU
		{71C35BBD-7B3D-4471-9246-E3CC9D29F3E6}.Debug|Any CPU.Build.0 = Debug|Any CPU
		{71C35BBD-7B3D-4471-9246-E3CC9D29F3E6}.Release|Any CPU.ActiveCfg = Release|Any CPU
		{71C35BBD-7B3D-4471-9246-E3CC9D29F3E6}.Release|Any CPU.Build.0 = Release|Any CPU
		{E5E3350A-827A-45CA-B264-2326E21219DC}.Debug|Any CPU.ActiveCfg = Debug|Any CPU
		{E5E3350A-827A-45CA-B264-2326E21219DC}.Debug|Any CPU.Build.0 = Debug|Any CPU
		{E5E3350A-827A-45CA-B264-2326E21219DC}.Release|Any CPU.ActiveCfg = Release|Any CPU
		{E5E3350A-827A-45CA-B264-2326E21219DC}.Release|Any CPU.Build.0 = Release|Any CPU
		{9350CA21-4F28-453F-B248-8E71D011E445}.Debug|Any CPU.ActiveCfg = Debug|Any CPU
		{9350CA21-4F28-453F-B248-8E71D011E445}.Debug|Any CPU.Build.0 = Debug|Any CPU
		{9350CA21-4F28-453F-B248-8E71D011E445}.Release|Any CPU.ActiveCfg = Release|Any CPU
		{9350CA21-4F28-453F-B248-8E71D011E445}.Release|Any CPU.Build.0 = Release|Any CPU
		{A95AD792-9710-4B66-A5D6-D3EA3F212FAC}.Debug|Any CPU.ActiveCfg = Debug|Any CPU
		{A95AD792-9710-4B66-A5D6-D3EA3F212FAC}.Debug|Any CPU.Build.0 = Debug|Any CPU
		{A95AD792-9710-4B66-A5D6-D3EA3F212FAC}.Release|Any CPU.ActiveCfg = Release|Any CPU
		{A95AD792-9710-4B66-A5D6-D3EA3F212FAC}.Release|Any CPU.Build.0 = Release|Any CPU
		{95E18BD8-A1E4-4B94-BF52-63CC4D0B1719}.Debug|Any CPU.ActiveCfg = Debug|Any CPU
		{95E18BD8-A1E4-4B94-BF52-63CC4D0B1719}.Debug|Any CPU.Build.0 = Debug|Any CPU
		{95E18BD8-A1E4-4B94-BF52-63CC4D0B1719}.Release|Any CPU.ActiveCfg = Release|Any CPU
		{95E18BD8-A1E4-4B94-BF52-63CC4D0B1719}.Release|Any CPU.Build.0 = Release|Any CPU
		{F95986F2-AFE7-63B3-0DA3-74931D8A3B4D}.Debug|Any CPU.ActiveCfg = Debug|Any CPU
		{F95986F2-AFE7-63B3-0DA3-74931D8A3B4D}.Debug|Any CPU.Build.0 = Debug|Any CPU
		{F95986F2-AFE7-63B3-0DA3-74931D8A3B4D}.Release|Any CPU.ActiveCfg = Release|Any CPU
		{F95986F2-AFE7-63B3-0DA3-74931D8A3B4D}.Release|Any CPU.Build.0 = Release|Any CPU
		{550FBF3B-D161-4848-972D-1F251862A835}.Debug|Any CPU.ActiveCfg = Debug|Any CPU
		{550FBF3B-D161-4848-972D-1F251862A835}.Debug|Any CPU.Build.0 = Debug|Any CPU
		{550FBF3B-D161-4848-972D-1F251862A835}.Release|Any CPU.ActiveCfg = Release|Any CPU
		{550FBF3B-D161-4848-972D-1F251862A835}.Release|Any CPU.Build.0 = Release|Any CPU
	EndGlobalSection
	GlobalSection(SolutionProperties) = preSolution
		HideSolutionNode = FALSE
	EndGlobalSection
	GlobalSection(NestedProjects) = preSolution
		{C1CACA9D-8E95-5A02-3E37-37CE607581A3} = {723683EA-193C-45FD-A64D-7830A2867E4F}
		{8CC3E410-B716-4F4D-89C7-3392CA624439} = {723683EA-193C-45FD-A64D-7830A2867E4F}
		{AA97E5DE-1021-2739-ED90-9EDEEAEB5CA2} = {723683EA-193C-45FD-A64D-7830A2867E4F}
		{26430D8C-32CB-4142-AC1A-33486A58DA01} = {EAB56593-7B10-4CC4-A3B8-E62ACDD1E6DD}
		{FC60C68D-8E8D-494B-8D60-0C8D83A472E7} = {248D8229-BABD-4F0A-A9C6-0417B464507B}
		{13D6A40B-8B8B-41F0-AB62-3F5F1CB58A1B} = {248D8229-BABD-4F0A-A9C6-0417B464507B}
		{22816913-64D5-4AE8-9B34-6F188B71FAD1} = {248D8229-BABD-4F0A-A9C6-0417B464507B}
		{3E577755-186F-4E63-8153-B8DE890015C9} = {5CF43F76-BB71-4B5B-B4DF-1C753E042A8F}
		{2347E3B2-FDDE-427E-A0AE-E4DCD47C2989} = {3E577755-186F-4E63-8153-B8DE890015C9}
		{E3CB3C34-F5DE-4A96-B552-7D52BCAD1E1F} = {248D8229-BABD-4F0A-A9C6-0417B464507B}
		{3D93B170-BDCD-4890-92B3-F5ABE48F3D3A} = {723683EA-193C-45FD-A64D-7830A2867E4F}
		{47F82CD8-D6DA-4F03-9DD6-F67AF3621C93} = {B38FF18E-11BC-4AF6-8FA3-648B3952DCAF}
		{02EA681E-C7D8-13C7-8484-4AC65E1B71E8} = {723683EA-193C-45FD-A64D-7830A2867E4F}
		{049100C1-E928-4FB9-964B-B57BA6787801} = {02EA681E-C7D8-13C7-8484-4AC65E1B71E8}
		{2680C821-CAD8-4CE5-8D2E-8D633A28C1E1} = {02EA681E-C7D8-13C7-8484-4AC65E1B71E8}
		{A1DC8865-96DE-CC0E-21E8-A786C05CFD60} = {049100C1-E928-4FB9-964B-B57BA6787801}
		{71C35BBD-7B3D-4471-9246-E3CC9D29F3E6} = {049100C1-E928-4FB9-964B-B57BA6787801}
		{E5E3350A-827A-45CA-B264-2326E21219DC} = {049100C1-E928-4FB9-964B-B57BA6787801}
		{9350CA21-4F28-453F-B248-8E71D011E445} = {049100C1-E928-4FB9-964B-B57BA6787801}
		{A95AD792-9710-4B66-A5D6-D3EA3F212FAC} = {2680C821-CAD8-4CE5-8D2E-8D633A28C1E1}
		{95E18BD8-A1E4-4B94-BF52-63CC4D0B1719} = {2680C821-CAD8-4CE5-8D2E-8D633A28C1E1}
		{F95986F2-AFE7-63B3-0DA3-74931D8A3B4D} = {2680C821-CAD8-4CE5-8D2E-8D633A28C1E1}
		{550FBF3B-D161-4848-972D-1F251862A835} = {2680C821-CAD8-4CE5-8D2E-8D633A28C1E1}
	EndGlobalSection
	GlobalSection(ExtensibilityGlobals) = postSolution
		RESX_NeutralResourcesLanguage = en-US
		RESX_CodeReferences = {"Items":[{"Expression":"\\W($File.$Key)\\W","Extensions":".cs,.xaml,.cshtml,.razor","IsCaseSensitive":true,"SingleLineComment":"\/\/"},{"Expression":"\\W($File.$Key)\\W","Extensions":".vbhtml","IsCaseSensitive":false,"SingleLineComment":null},{"Expression":"ResourceManager.GetString\\(\"($Key)\"\\)","Extensions":".cs","IsCaseSensitive":true,"SingleLineComment":"\/\/"},{"Expression":"typeof\\((\\w+\\.)*($File)\\).+\"($Key)\"|\"($Key)\".+typeof\\((\\w+\\.)*($File)\\)","Extensions":".cs","IsCaseSensitive":true,"SingleLineComment":"\/\/"},{"Expression":"\\W($Key)\\W","Extensions":".vb","IsCaseSensitive":false,"SingleLineComment":"'"},{"Expression":"\\W($File::$Key)\\W","Extensions":".cpp,.c,.hxx,.h","IsCaseSensitive":true,"SingleLineComment":"\/\/"},{"Expression":"&lt;%\\$\\s+Resources:\\s*($File)\\s*,\\s*($Key)\\s*%&gt;","Extensions":".aspx,.ascx,.master","IsCaseSensitive":true,"SingleLineComment":null},{"Expression":"StringResourceKey\\.($Key)","Extensions":".cs","IsCaseSensitive":true,"SingleLineComment":"\/\/"},{"Expression":"\\.($Key)","Extensions":".ts,.html","IsCaseSensitive":true,"SingleLineComment":"\/\/"}]}
		SolutionGuid = {61F7FB11-1E47-470C-91E2-47F8143E1572}
	EndGlobalSection
EndGlobal
